
Microsoft Visual Studio Solution File, Format Version 12.00
# Visual Studio Version 17
VisualStudioVersion = 17.2.32630.192
MinimumVisualStudioVersion = 10.0.40219.1
Project("{9A19103F-16F7-4668-BE54-9A1E7A4F7556}") = "R5T.S0100", "R5T.S0100\R5T.S0100.csproj", "{70420EF9-F0F2-4998-ACCD-CC3308096478}"
EndProject
Project("{2150E333-8FDC-42A3-9474-1A3956D46DE8}") = "_Dependencies", "_Dependencies", "{2C7B8D86-FBBF-4D6B-92B1-9032B679F71E}"
EndProject
Project("{9A19103F-16F7-4668-BE54-9A1E7A4F7556}") = "R5T.F0000", "..\..\R5T.F0000\source\R5T.F0000\R5T.F0000.csproj", "{0EEF3C9A-B3AB-4B48-9E8A-6D700AA14F37}"
EndProject
Project("{9A19103F-16F7-4668-BE54-9A1E7A4F7556}") = "R5T.F0002", "..\..\R5T.F0002\source\R5T.F0002\R5T.F0002.csproj", "{47EE3605-6A10-4D56-A391-DA95BD42D0DA}"
EndProject
Project("{9A19103F-16F7-4668-BE54-9A1E7A4F7556}") = "R5T.F0120", "..\..\R5T.F0120\source\R5T.F0120\R5T.F0120.csproj", "{A0FA67EF-87D4-4636-9BAF-E3D0384CA266}"
EndProject
Project("{9A19103F-16F7-4668-BE54-9A1E7A4F7556}") = "R5T.F0124", "..\..\R5T.F0124\source\R5T.F0124\R5T.F0124.csproj", "{DD2184B9-CA09-48ED-AD10-97FA03222673}"
EndProject
Project("{9A19103F-16F7-4668-BE54-9A1E7A4F7556}") = "R5T.F0125", "..\..\R5T.F0125\source\R5T.F0125\R5T.F0125.csproj", "{5EAB7A1F-0A80-4653-B5AB-12B8BBBB07E7}"
EndProject
Project("{9A19103F-16F7-4668-BE54-9A1E7A4F7556}") = "R5T.L0030.T000", "..\..\R5T.L0030\source\R5T.L0030.T000\R5T.L0030.T000.csproj", "{ECAA3C06-014D-487F-9E43-1D13FB986506}"
EndProject
Project("{9A19103F-16F7-4668-BE54-9A1E7A4F7556}") = "R5T.L0030", "..\..\R5T.L0030\source\R5T.L0030\R5T.L0030.csproj", "{48573368-6977-4F94-8AD2-4FBD8747A54E}"
EndProject
Project("{9A19103F-16F7-4668-BE54-9A1E7A4F7556}") = "R5T.L0031.T000", "..\..\R5T.L0031\source\R5T.L0031.T000\R5T.L0031.T000.csproj", "{4260B77B-2F3E-46A8-BA51-2DB8F7CD5FDD}"
EndProject
Project("{9A19103F-16F7-4668-BE54-9A1E7A4F7556}") = "R5T.L0031", "..\..\R5T.L0031\source\R5T.L0031\R5T.L0031.csproj", "{DFA94307-C34B-4729-BC2D-C8736012C7A9}"
EndProject
Project("{9A19103F-16F7-4668-BE54-9A1E7A4F7556}") = "R5T.L0032.F000", "..\..\R5T.L0032\source\R5T.L0032.F000\R5T.L0032.F000.csproj", "{B51E0EAC-78CC-46BF-B4A7-8451791D7C36}"
EndProject
Project("{9A19103F-16F7-4668-BE54-9A1E7A4F7556}") = "R5T.L0032.T000", "..\..\R5T.L0032\source\R5T.L0032.T000\R5T.L0032.T000.csproj", "{A92BA6AB-0346-42BE-A02F-A20B2C8FDFF4}"
EndProject
Project("{9A19103F-16F7-4668-BE54-9A1E7A4F7556}") = "R5T.L0032.Z000", "..\..\R5T.L0032\source\R5T.L0032.Z000\R5T.L0032.Z000.csproj", "{DDB22CD8-AA96-403C-BFCA-B71E73F14AC3}"
EndProject
Project("{9A19103F-16F7-4668-BE54-9A1E7A4F7556}") = "R5T.L0032", "..\..\R5T.L0032\source\R5T.L0032\R5T.L0032.csproj", "{78D99A02-1960-4A1B-962F-D33E946F34BB}"
EndProject
Project("{9A19103F-16F7-4668-BE54-9A1E7A4F7556}") = "R5T.L0033.T000", "..\..\R5T.L0033\source\R5T.L0033.T000\R5T.L0033.T000.csproj", "{1F7EFC95-38AF-4DF5-8791-40B9B0A40CC9}"
EndProject
Project("{9A19103F-16F7-4668-BE54-9A1E7A4F7556}") = "R5T.L0033.Z001", "..\..\R5T.L0033\source\R5T.L0033.Z001\R5T.L0033.Z001.csproj", "{E28227DA-0C65-45C6-8BC3-DEA291F49243}"
EndProject
Project("{9A19103F-16F7-4668-BE54-9A1E7A4F7556}") = "R5T.L0033.Z002", "..\..\R5T.L0033\source\R5T.L0033.Z002\R5T.L0033.Z002.csproj", "{8DF44000-C489-4C3F-B234-4A5DD07732ED}"
EndProject
Project("{9A19103F-16F7-4668-BE54-9A1E7A4F7556}") = "R5T.L0033", "..\..\R5T.L0033\source\R5T.L0033\R5T.L0033.csproj", "{77D0FBD1-B9BC-4352-8E48-BEF1322F78F2}"
EndProject
Project("{9A19103F-16F7-4668-BE54-9A1E7A4F7556}") = "R5T.L0034", "..\..\R5T.L0034\source\R5T.L0034\R5T.L0034.csproj", "{B5AEBBC5-2680-4E49-AABD-5D7A91384C82}"
EndProject
Project("{9A19103F-16F7-4668-BE54-9A1E7A4F7556}") = "R5T.L0035", "..\..\R5T.L0035\source\R5T.L0035\R5T.L0035.csproj", "{497DA478-3504-4D9E-A148-4F8EF0FCEB02}"
EndProject
Project("{9A19103F-16F7-4668-BE54-9A1E7A4F7556}") = "R5T.NG0022", "..\..\R5T.NG0022\source\R5T.NG0022\R5T.NG0022.csproj", "{BE8895D6-F208-4215-B86B-B001E5B0A61A}"
EndProject
Project("{9A19103F-16F7-4668-BE54-9A1E7A4F7556}") = "R5T.O0009", "..\..\R5T.O0009\source\R5T.O0009\R5T.O0009.csproj", "{1C8658FB-4C53-4D74-9535-508BB91B63DA}"
EndProject
Project("{9A19103F-16F7-4668-BE54-9A1E7A4F7556}") = "R5T.T0131", "..\..\R5T.T0131\source\R5T.T0131\R5T.T0131.csproj", "{3BB793B7-170C-4EC5-9E27-25432D47E493}"
EndProject
Project("{9A19103F-16F7-4668-BE54-9A1E7A4F7556}") = "R5T.T0132", "..\..\R5T.T0132\source\R5T.T0132\R5T.T0132.csproj", "{B641F31A-AEB5-4620-948F-5ED3A0401511}"
EndProject
Project("{9A19103F-16F7-4668-BE54-9A1E7A4F7556}") = "R5T.T0137", "..\..\R5T.T0137\source\R5T.T0137\R5T.T0137.csproj", "{811AF874-B85E-4461-ACB0-01F58B46C66D}"
EndProject
Project("{9A19103F-16F7-4668-BE54-9A1E7A4F7556}") = "R5T.T0142", "..\..\R5T.T0142\source\R5T.T0142\R5T.T0142.csproj", "{4D54FBA9-957A-4D0C-BA73-AF66CB28A36E}"
EndProject
Project("{9A19103F-16F7-4668-BE54-9A1E7A4F7556}") = "R5T.T0143", "..\..\R5T.T0143\source\R5T.T0143\R5T.T0143.csproj", "{6045F0BE-BDF0-424E-BEE3-25FBCB91267E}"
EndProject
Project("{9A19103F-16F7-4668-BE54-9A1E7A4F7556}") = "R5T.T0150", "..\..\R5T.T0150\source\R5T.T0150\R5T.T0150.csproj", "{78766E26-C0F2-422E-B379-6343008376D6}"
EndProject
Project("{9A19103F-16F7-4668-BE54-9A1E7A4F7556}") = "R5T.T0151", "..\..\R5T.T0151\source\R5T.T0151\R5T.T0151.csproj", "{7592D51E-4E71-4876-99DF-38DA6F994526}"
EndProject
Project("{9A19103F-16F7-4668-BE54-9A1E7A4F7556}") = "R5T.T0156", "..\..\R5T.T0156\source\R5T.T0156\R5T.T0156.csproj", "{DFE8F69A-3E64-4280-8483-F288F2198A7E}"
EndProject
Project("{9A19103F-16F7-4668-BE54-9A1E7A4F7556}") = "R5T.T0172", "..\..\R5T.T0172\source\R5T.T0172\R5T.T0172.csproj", "{A16B9235-8EA8-44EF-A6F9-912B9A2D2892}"
EndProject
Project("{9A19103F-16F7-4668-BE54-9A1E7A4F7556}") = "R5T.T0174", "..\..\R5T.T0174\source\R5T.T0174\R5T.T0174.csproj", "{4346EFC8-79D0-46BE-B872-5FFD3C9346BD}"
EndProject
Project("{9A19103F-16F7-4668-BE54-9A1E7A4F7556}") = "R5T.T0176", "..\..\R5T.T0176\source\R5T.T0176\R5T.T0176.csproj", "{BF62929A-300C-49E1-87B3-B68DC4D43492}"
EndProject
Project("{9A19103F-16F7-4668-BE54-9A1E7A4F7556}") = "R5T.T0177", "..\..\R5T.T0177\source\R5T.T0177\R5T.T0177.csproj", "{D13BF441-7987-47B4-AD60-CA35EA96CBE5}"
EndProject
Project("{9A19103F-16F7-4668-BE54-9A1E7A4F7556}") = "R5T.T0178", "..\..\R5T.T0178\source\R5T.T0178\R5T.T0178.csproj", "{9C7E7BAA-EADD-4DD0-A762-B67633AE5C28}"
EndProject
Project("{9A19103F-16F7-4668-BE54-9A1E7A4F7556}") = "R5T.T0179", "..\..\R5T.T0179\source\R5T.T0179\R5T.T0179.csproj", "{10449D49-4152-4107-8443-4C9136343909}"
EndProject
Project("{9A19103F-16F7-4668-BE54-9A1E7A4F7556}") = "R5T.T0180", "..\..\R5T.T0180\source\R5T.T0180\R5T.T0180.csproj", "{703C4EBC-7E41-4795-ACD6-F78DD12D94DC}"
EndProject
Project("{9A19103F-16F7-4668-BE54-9A1E7A4F7556}") = "R5T.T0181", "..\..\R5T.T0181\source\R5T.T0181\R5T.T0181.csproj", "{101FAD15-1E6A-4C96-8290-328AEF8DEDD8}"
EndProject
Project("{9A19103F-16F7-4668-BE54-9A1E7A4F7556}") = "R5T.T0185", "..\..\R5T.T0185\source\R5T.T0185\R5T.T0185.csproj", "{A9511A0B-A939-4B18-8F2D-6516D5171287}"
EndProject
Project("{9A19103F-16F7-4668-BE54-9A1E7A4F7556}") = "R5T.T0187", "..\..\R5T.T0187\source\R5T.T0187\R5T.T0187.csproj", "{E11F61CC-E78F-49E2-99F2-531FEC45BF4A}"
EndProject
Project("{9A19103F-16F7-4668-BE54-9A1E7A4F7556}") = "R5T.T0198", "..\..\R5T.T0198\source\R5T.T0198\R5T.T0198.csproj", "{539A0851-A00C-4DD4-8F8A-6563715C4B9E}"
EndProject
Project("{9A19103F-16F7-4668-BE54-9A1E7A4F7556}") = "R5T.T0199", "..\..\R5T.T0199\source\R5T.T0199\R5T.T0199.csproj", "{F96911BD-2A4D-47D0-AC94-15AD60EC65D5}"
EndProject
Project("{9A19103F-16F7-4668-BE54-9A1E7A4F7556}") = "R5T.T0202", "..\..\R5T.T0202\source\R5T.T0202\R5T.T0202.csproj", "{DE85257E-D535-4281-B465-90E7FB1E453C}"
EndProject
Project("{9A19103F-16F7-4668-BE54-9A1E7A4F7556}") = "R5T.T0203", "..\..\R5T.T0203\source\R5T.T0203\R5T.T0203.csproj", "{25C56ED6-DBD1-4C5B-B305-CFD7123F0286}"
EndProject
Project("{9A19103F-16F7-4668-BE54-9A1E7A4F7556}") = "R5T.T0205", "..\..\R5T.T0205\source\R5T.T0205\R5T.T0205.csproj", "{96C4ADC1-AA6B-4DF9-A976-B5072F408391}"
EndProject
Project("{9A19103F-16F7-4668-BE54-9A1E7A4F7556}") = "R5T.T0206", "..\..\R5T.T0206\source\R5T.T0206\R5T.T0206.csproj", "{3A2CC979-8856-4F61-930C-2F4DCDDEF23C}"
EndProject
Project("{9A19103F-16F7-4668-BE54-9A1E7A4F7556}") = "R5T.T0208", "..\..\R5T.T0208\source\R5T.T0208\R5T.T0208.csproj", "{EAE2BEDB-00B9-48F7-A35D-9BF6A1FA22DA}"
EndProject
Project("{9A19103F-16F7-4668-BE54-9A1E7A4F7556}") = "R5T.T0210", "..\..\R5T.T0210\source\R5T.T0210\R5T.T0210.csproj", "{9143EBAB-6E5F-4FD7-BFC8-D0BD758A0672}"
EndProject
Project("{9A19103F-16F7-4668-BE54-9A1E7A4F7556}") = "R5T.T0218", "..\..\R5T.T0218\source\R5T.T0218\R5T.T0218.csproj", "{830DE365-6168-4A16-804D-829665B84BB6}"
EndProject
Project("{9A19103F-16F7-4668-BE54-9A1E7A4F7556}") = "R5T.T0220", "..\..\R5T.T0220\source\R5T.T0220\R5T.T0220.csproj", "{757D6887-DBDC-4EF1-98F6-E41B3670E189}"
EndProject
Project("{9A19103F-16F7-4668-BE54-9A1E7A4F7556}") = "R5T.T0221", "..\..\R5T.T0221\source\R5T.T0221\R5T.T0221.csproj", "{83F6C0A9-D943-4F10-9161-44610B1861B0}"
EndProject
Project("{9A19103F-16F7-4668-BE54-9A1E7A4F7556}") = "R5T.Y0000", "..\..\R5T.Y0000\source\R5T.Y0000\R5T.Y0000.csproj", "{7680952C-8A6F-4F4D-A93B-6F31C0C5DEC0}"
EndProject
Project("{9A19103F-16F7-4668-BE54-9A1E7A4F7556}") = "R5T.Z0000", "..\..\R5T.Z0000\source\R5T.Z0000\R5T.Z0000.csproj", "{BBCA0B85-537C-41FB-A483-FFCAE09E7572}"
EndProject
Project("{9A19103F-16F7-4668-BE54-9A1E7A4F7556}") = "R5T.Z0048", "..\..\R5T.Z0048\source\R5T.Z0048\R5T.Z0048.csproj", "{6ED27C40-638F-46E5-8477-59F060B94DD5}"
EndProject
Project("{9A19103F-16F7-4668-BE54-9A1E7A4F7556}") = "R5T.Z0050", "..\..\R5T.Z0050\source\R5T.Z0050\R5T.Z0050.csproj", "{410F2B3C-4E3A-4CA1-9128-95403A403004}"
EndProject
Project("{9A19103F-16F7-4668-BE54-9A1E7A4F7556}") = "R5T.Z0051", "..\..\R5T.Z0051\source\R5T.Z0051\R5T.Z0051.csproj", "{C254842B-3595-4975-B96F-DE211A05FF50}"
EndProject
Project("{9A19103F-16F7-4668-BE54-9A1E7A4F7556}") = "R5T.Z0057", "..\..\R5T.Z0057\source\R5T.Z0057\R5T.Z0057.csproj", "{5683CDDD-C8CC-4E4E-9EF2-364600FDCD9A}"
EndProject
Project("{9A19103F-16F7-4668-BE54-9A1E7A4F7556}") = "R5T.F0035.F001", "..\..\R5T.F0035\source\R5T.F0035.F001\R5T.F0035.F001.csproj", "{9ADF842F-93F8-40CF-B6F2-A6BD8FB67100}"
EndProject
Project("{9A19103F-16F7-4668-BE54-9A1E7A4F7556}") = "R5T.F0059", "..\..\R5T.F0059\source\R5T.F0059\R5T.F0059.csproj", "{CD6F8E24-F62E-402C-A03E-117DBDDFF72F}"
EndProject
Project("{9A19103F-16F7-4668-BE54-9A1E7A4F7556}") = "R5T.F0126", "..\..\R5T.F0126\source\R5T.F0126\R5T.F0126.csproj", "{6DAE5444-0E3E-439B-888E-267BF8531364}"
EndProject
Project("{9A19103F-16F7-4668-BE54-9A1E7A4F7556}") = "R5T.L0038", "..\..\R5T.L0038\source\R5T.L0038\R5T.L0038.csproj", "{8B6DC7DD-A5B1-4864-8840-EB1D8EE39F87}"
EndProject
Project("{9A19103F-16F7-4668-BE54-9A1E7A4F7556}") = "R5T.NG0002", "..\..\R5T.NG0002\source\R5T.NG0002\R5T.NG0002.csproj", "{C979F256-836A-4B7F-AAE2-7AE338184FF6}"
EndProject
Project("{9A19103F-16F7-4668-BE54-9A1E7A4F7556}") = "R5T.NG0006", "..\..\R5T.NG0006\source\R5T.NG0006\R5T.NG0006.csproj", "{9E9FB799-A262-434C-86E5-48281EB88E91}"
EndProject
Project("{9A19103F-16F7-4668-BE54-9A1E7A4F7556}") = "R5T.NG0007", "..\..\R5T.NG0007\source\R5T.NG0007\R5T.NG0007.csproj", "{61C87215-51E3-4B62-9AAE-7DE84CA09FC3}"
EndProject
Project("{9A19103F-16F7-4668-BE54-9A1E7A4F7556}") = "R5T.T0148", "..\..\R5T.T0148\source\R5T.T0148\R5T.T0148.csproj", "{87696AC8-731A-4664-9A3F-0410A4D0DA1C}"
EndProject
Project("{9A19103F-16F7-4668-BE54-9A1E7A4F7556}") = "R5T.T0158.F000", "..\..\R5T.T0158\source\R5T.T0158.F000\R5T.T0158.F000.csproj", "{763862C2-B7B8-41F1-88C8-0C4CBC960D12}"
EndProject
Project("{9A19103F-16F7-4668-BE54-9A1E7A4F7556}") = "R5T.T0158.T000", "..\..\R5T.T0158\source\R5T.T0158.T000\R5T.T0158.T000.csproj", "{F893FA64-ABA8-48BE-A619-D3447C87B83B}"
EndProject
Project("{9A19103F-16F7-4668-BE54-9A1E7A4F7556}") = "R5T.T0158", "..\..\R5T.T0158\source\R5T.T0158\R5T.T0158.csproj", "{DD5F19C7-B019-46BB-A79A-83B7679EC950}"
EndProject
Project("{9A19103F-16F7-4668-BE54-9A1E7A4F7556}") = "R5T.T0159.F000", "..\..\R5T.T0159\source\R5T.T0159.F000\R5T.T0159.F000.csproj", "{8B5E3336-4E51-46E2-922C-05FABD5E4CF8}"
EndProject
Project("{9A19103F-16F7-4668-BE54-9A1E7A4F7556}") = "R5T.T0159", "..\..\R5T.T0159\source\R5T.T0159\R5T.T0159.csproj", "{5DF289B3-8694-4BDA-9ED3-3E573D09B96E}"
EndProject
Project("{9A19103F-16F7-4668-BE54-9A1E7A4F7556}") = "R5T.T0175", "..\..\R5T.T0175\source\R5T.T0175\R5T.T0175.csproj", "{EAE449CA-FB67-45B0-A759-0F341760AE17}"
EndProject
Project("{9A19103F-16F7-4668-BE54-9A1E7A4F7556}") = "R5T.T0189", "..\..\R5T.T0189\source\R5T.T0189\R5T.T0189.csproj", "{2F37EA05-D579-4F60-94BB-A8881E6D6420}"
EndProject
Project("{9A19103F-16F7-4668-BE54-9A1E7A4F7556}") = "R5T.T0190", "..\..\R5T.T0190\source\R5T.T0190\R5T.T0190.csproj", "{20DCE682-1089-49E6-8409-E9870DC90CA4}"
EndProject
Project("{9A19103F-16F7-4668-BE54-9A1E7A4F7556}") = "R5T.T0191", "..\..\R5T.T0191\source\R5T.T0191\R5T.T0191.csproj", "{2948C436-89E7-4275-81BC-A20524E9CE5E}"
EndProject
Project("{9A19103F-16F7-4668-BE54-9A1E7A4F7556}") = "R5T.T0192", "..\..\R5T.T0192\source\R5T.T0192\R5T.T0192.csproj", "{843FFA82-BD56-49AF-9253-E610C1E5C33F}"
EndProject
Project("{9A19103F-16F7-4668-BE54-9A1E7A4F7556}") = "R5T.F0129", "..\..\R5T.F0129\source\R5T.F0129\R5T.F0129.csproj", "{5026DA72-90BD-4BFE-AB31-4B1F64084483}"
EndProject
Project("{9A19103F-16F7-4668-BE54-9A1E7A4F7556}") = "R5T.F0130", "..\..\R5T.F0130\source\R5T.F0130\R5T.F0130.csproj", "{F027FCB4-D62D-44DD-8254-B34CF6E92FDD}"
EndProject
Project("{9A19103F-16F7-4668-BE54-9A1E7A4F7556}") = "R5T.O0006.O001", "..\..\R5T.O0006\source\R5T.O0006.O001\R5T.O0006.O001.csproj", "{C85A3DF4-6DF0-4005-B39F-53E28A570D4B}"
EndProject
Project("{9A19103F-16F7-4668-BE54-9A1E7A4F7556}") = "R5T.T0161", "..\..\R5T.T0161\source\R5T.T0161\R5T.T0161.csproj", "{2FA913F7-D665-4B27-9829-0D0D44FC5018}"
EndProject
Project("{9A19103F-16F7-4668-BE54-9A1E7A4F7556}") = "R5T.T0184", "..\..\R5T.T0184\source\R5T.T0184\R5T.T0184.csproj", "{DA265CE9-9140-4BD0-A22F-3642053CBE63}"
EndProject
Project("{9A19103F-16F7-4668-BE54-9A1E7A4F7556}") = "R5T.T0186", "..\..\R5T.T0186\source\R5T.T0186\R5T.T0186.csproj", "{EB708823-F971-464D-8CFB-5B1B3C8C26DE}"
EndProject
Project("{9A19103F-16F7-4668-BE54-9A1E7A4F7556}") = "R5T.T0194", "..\..\R5T.T0194\source\R5T.T0194\R5T.T0194.csproj", "{2BBBC337-0072-4356-BC39-B074DAB6EE33}"
EndProject
Project("{9A19103F-16F7-4668-BE54-9A1E7A4F7556}") = "R5T.T0196", "..\..\R5T.T0196\source\R5T.T0196\R5T.T0196.csproj", "{335F3FCF-6725-48AD-A612-4CCFBDFE36A7}"
EndProject
Project("{9A19103F-16F7-4668-BE54-9A1E7A4F7556}") = "R5T.T0197", "..\..\R5T.T0197\source\R5T.T0197\R5T.T0197.csproj", "{3AE37A92-4479-4F30-AB6A-827276DED3E1}"
EndProject
Project("{9A19103F-16F7-4668-BE54-9A1E7A4F7556}") = "R5T.T0200", "..\..\R5T.T0200\source\R5T.T0200\R5T.T0200.csproj", "{BF112E80-9985-4994-A43F-14651984B97A}"
EndProject
Project("{9A19103F-16F7-4668-BE54-9A1E7A4F7556}") = "R5T.Z0044.Z001", "..\..\R5T.Z0044\source\R5T.Z0044.Z001\R5T.Z0044.Z001.csproj", "{65560B04-2BF6-494F-A52D-10749414128E}"
EndProject
Project("{9A19103F-16F7-4668-BE54-9A1E7A4F7556}") = "R5T.Z0046", "..\..\R5T.Z0046\source\R5T.Z0046\R5T.Z0046.csproj", "{175111CD-FD11-4CE0-B8C0-3F0B42D770D4}"
EndProject
Project("{9A19103F-16F7-4668-BE54-9A1E7A4F7556}") = "R5T.F0033", "..\..\R5T.F0033\source\R5T.F0033\R5T.F0033.csproj", "{CFABD001-B699-4D91-890A-A40732FF4092}"
EndProject
Global
	GlobalSection(NestedProjects) = preSolution
		{0EEF3C9A-B3AB-4B48-9E8A-6D700AA14F37} = {2C7B8D86-FBBF-4D6B-92B1-9032B679F71E}
		{47EE3605-6A10-4D56-A391-DA95BD42D0DA} = {2C7B8D86-FBBF-4D6B-92B1-9032B679F71E}
		{A0FA67EF-87D4-4636-9BAF-E3D0384CA266} = {2C7B8D86-FBBF-4D6B-92B1-9032B679F71E}
		{DD2184B9-CA09-48ED-AD10-97FA03222673} = {2C7B8D86-FBBF-4D6B-92B1-9032B679F71E}
		{5EAB7A1F-0A80-4653-B5AB-12B8BBBB07E7} = {2C7B8D86-FBBF-4D6B-92B1-9032B679F71E}
		{ECAA3C06-014D-487F-9E43-1D13FB986506} = {2C7B8D86-FBBF-4D6B-92B1-9032B679F71E}
		{48573368-6977-4F94-8AD2-4FBD8747A54E} = {2C7B8D86-FBBF-4D6B-92B1-9032B679F71E}
		{4260B77B-2F3E-46A8-BA51-2DB8F7CD5FDD} = {2C7B8D86-FBBF-4D6B-92B1-9032B679F71E}
		{DFA94307-C34B-4729-BC2D-C8736012C7A9} = {2C7B8D86-FBBF-4D6B-92B1-9032B679F71E}
		{B51E0EAC-78CC-46BF-B4A7-8451791D7C36} = {2C7B8D86-FBBF-4D6B-92B1-9032B679F71E}
		{A92BA6AB-0346-42BE-A02F-A20B2C8FDFF4} = {2C7B8D86-FBBF-4D6B-92B1-9032B679F71E}
		{DDB22CD8-AA96-403C-BFCA-B71E73F14AC3} = {2C7B8D86-FBBF-4D6B-92B1-9032B679F71E}
		{78D99A02-1960-4A1B-962F-D33E946F34BB} = {2C7B8D86-FBBF-4D6B-92B1-9032B679F71E}
		{1F7EFC95-38AF-4DF5-8791-40B9B0A40CC9} = {2C7B8D86-FBBF-4D6B-92B1-9032B679F71E}
		{E28227DA-0C65-45C6-8BC3-DEA291F49243} = {2C7B8D86-FBBF-4D6B-92B1-9032B679F71E}
		{8DF44000-C489-4C3F-B234-4A5DD07732ED} = {2C7B8D86-FBBF-4D6B-92B1-9032B679F71E}
		{77D0FBD1-B9BC-4352-8E48-BEF1322F78F2} = {2C7B8D86-FBBF-4D6B-92B1-9032B679F71E}
		{B5AEBBC5-2680-4E49-AABD-5D7A91384C82} = {2C7B8D86-FBBF-4D6B-92B1-9032B679F71E}
		{497DA478-3504-4D9E-A148-4F8EF0FCEB02} = {2C7B8D86-FBBF-4D6B-92B1-9032B679F71E}
		{BE8895D6-F208-4215-B86B-B001E5B0A61A} = {2C7B8D86-FBBF-4D6B-92B1-9032B679F71E}
		{1C8658FB-4C53-4D74-9535-508BB91B63DA} = {2C7B8D86-FBBF-4D6B-92B1-9032B679F71E}
		{3BB793B7-170C-4EC5-9E27-25432D47E493} = {2C7B8D86-FBBF-4D6B-92B1-9032B679F71E}
		{B641F31A-AEB5-4620-948F-5ED3A0401511} = {2C7B8D86-FBBF-4D6B-92B1-9032B679F71E}
		{811AF874-B85E-4461-ACB0-01F58B46C66D} = {2C7B8D86-FBBF-4D6B-92B1-9032B679F71E}
		{4D54FBA9-957A-4D0C-BA73-AF66CB28A36E} = {2C7B8D86-FBBF-4D6B-92B1-9032B679F71E}
		{6045F0BE-BDF0-424E-BEE3-25FBCB91267E} = {2C7B8D86-FBBF-4D6B-92B1-9032B679F71E}
		{78766E26-C0F2-422E-B379-6343008376D6} = {2C7B8D86-FBBF-4D6B-92B1-9032B679F71E}
		{7592D51E-4E71-4876-99DF-38DA6F994526} = {2C7B8D86-FBBF-4D6B-92B1-9032B679F71E}
		{DFE8F69A-3E64-4280-8483-F288F2198A7E} = {2C7B8D86-FBBF-4D6B-92B1-9032B679F71E}
		{A16B9235-8EA8-44EF-A6F9-912B9A2D2892} = {2C7B8D86-FBBF-4D6B-92B1-9032B679F71E}
		{4346EFC8-79D0-46BE-B872-5FFD3C9346BD} = {2C7B8D86-FBBF-4D6B-92B1-9032B679F71E}
		{BF62929A-300C-49E1-87B3-B68DC4D43492} = {2C7B8D86-FBBF-4D6B-92B1-9032B679F71E}
		{D13BF441-7987-47B4-AD60-CA35EA96CBE5} = {2C7B8D86-FBBF-4D6B-92B1-9032B679F71E}
		{9C7E7BAA-EADD-4DD0-A762-B67633AE5C28} = {2C7B8D86-FBBF-4D6B-92B1-9032B679F71E}
		{10449D49-4152-4107-8443-4C9136343909} = {2C7B8D86-FBBF-4D6B-92B1-9032B679F71E}
		{703C4EBC-7E41-4795-ACD6-F78DD12D94DC} = {2C7B8D86-FBBF-4D6B-92B1-9032B679F71E}
		{101FAD15-1E6A-4C96-8290-328AEF8DEDD8} = {2C7B8D86-FBBF-4D6B-92B1-9032B679F71E}
		{A9511A0B-A939-4B18-8F2D-6516D5171287} = {2C7B8D86-FBBF-4D6B-92B1-9032B679F71E}
		{E11F61CC-E78F-49E2-99F2-531FEC45BF4A} = {2C7B8D86-FBBF-4D6B-92B1-9032B679F71E}
		{539A0851-A00C-4DD4-8F8A-6563715C4B9E} = {2C7B8D86-FBBF-4D6B-92B1-9032B679F71E}
		{F96911BD-2A4D-47D0-AC94-15AD60EC65D5} = {2C7B8D86-FBBF-4D6B-92B1-9032B679F71E}
		{DE85257E-D535-4281-B465-90E7FB1E453C} = {2C7B8D86-FBBF-4D6B-92B1-9032B679F71E}
		{25C56ED6-DBD1-4C5B-B305-CFD7123F0286} = {2C7B8D86-FBBF-4D6B-92B1-9032B679F71E}
		{96C4ADC1-AA6B-4DF9-A976-B5072F408391} = {2C7B8D86-FBBF-4D6B-92B1-9032B679F71E}
		{3A2CC979-8856-4F61-930C-2F4DCDDEF23C} = {2C7B8D86-FBBF-4D6B-92B1-9032B679F71E}
		{EAE2BEDB-00B9-48F7-A35D-9BF6A1FA22DA} = {2C7B8D86-FBBF-4D6B-92B1-9032B679F71E}
		{9143EBAB-6E5F-4FD7-BFC8-D0BD758A0672} = {2C7B8D86-FBBF-4D6B-92B1-9032B679F71E}
		{830DE365-6168-4A16-804D-829665B84BB6} = {2C7B8D86-FBBF-4D6B-92B1-9032B679F71E}
		{757D6887-DBDC-4EF1-98F6-E41B3670E189} = {2C7B8D86-FBBF-4D6B-92B1-9032B679F71E}
		{83F6C0A9-D943-4F10-9161-44610B1861B0} = {2C7B8D86-FBBF-4D6B-92B1-9032B679F71E}
		{7680952C-8A6F-4F4D-A93B-6F31C0C5DEC0} = {2C7B8D86-FBBF-4D6B-92B1-9032B679F71E}
		{BBCA0B85-537C-41FB-A483-FFCAE09E7572} = {2C7B8D86-FBBF-4D6B-92B1-9032B679F71E}
		{6ED27C40-638F-46E5-8477-59F060B94DD5} = {2C7B8D86-FBBF-4D6B-92B1-9032B679F71E}
		{410F2B3C-4E3A-4CA1-9128-95403A403004} = {2C7B8D86-FBBF-4D6B-92B1-9032B679F71E}
		{C254842B-3595-4975-B96F-DE211A05FF50} = {2C7B8D86-FBBF-4D6B-92B1-9032B679F71E}
		{5683CDDD-C8CC-4E4E-9EF2-364600FDCD9A} = {2C7B8D86-FBBF-4D6B-92B1-9032B679F71E}
		{9ADF842F-93F8-40CF-B6F2-A6BD8FB67100} = {2C7B8D86-FBBF-4D6B-92B1-9032B679F71E}
		{CD6F8E24-F62E-402C-A03E-117DBDDFF72F} = {2C7B8D86-FBBF-4D6B-92B1-9032B679F71E}
		{6DAE5444-0E3E-439B-888E-267BF8531364} = {2C7B8D86-FBBF-4D6B-92B1-9032B679F71E}
		{8B6DC7DD-A5B1-4864-8840-EB1D8EE39F87} = {2C7B8D86-FBBF-4D6B-92B1-9032B679F71E}
		{C979F256-836A-4B7F-AAE2-7AE338184FF6} = {2C7B8D86-FBBF-4D6B-92B1-9032B679F71E}
		{9E9FB799-A262-434C-86E5-48281EB88E91} = {2C7B8D86-FBBF-4D6B-92B1-9032B679F71E}
		{61C87215-51E3-4B62-9AAE-7DE84CA09FC3} = {2C7B8D86-FBBF-4D6B-92B1-9032B679F71E}
		{87696AC8-731A-4664-9A3F-0410A4D0DA1C} = {2C7B8D86-FBBF-4D6B-92B1-9032B679F71E}
		{763862C2-B7B8-41F1-88C8-0C4CBC960D12} = {2C7B8D86-FBBF-4D6B-92B1-9032B679F71E}
		{F893FA64-ABA8-48BE-A619-D3447C87B83B} = {2C7B8D86-FBBF-4D6B-92B1-9032B679F71E}
		{DD5F19C7-B019-46BB-A79A-83B7679EC950} = {2C7B8D86-FBBF-4D6B-92B1-9032B679F71E}
		{8B5E3336-4E51-46E2-922C-05FABD5E4CF8} = {2C7B8D86-FBBF-4D6B-92B1-9032B679F71E}
		{5DF289B3-8694-4BDA-9ED3-3E573D09B96E} = {2C7B8D86-FBBF-4D6B-92B1-9032B679F71E}
		{EAE449CA-FB67-45B0-A759-0F341760AE17} = {2C7B8D86-FBBF-4D6B-92B1-9032B679F71E}
		{2F37EA05-D579-4F60-94BB-A8881E6D6420} = {2C7B8D86-FBBF-4D6B-92B1-9032B679F71E}
		{20DCE682-1089-49E6-8409-E9870DC90CA4} = {2C7B8D86-FBBF-4D6B-92B1-9032B679F71E}
		{2948C436-89E7-4275-81BC-A20524E9CE5E} = {2C7B8D86-FBBF-4D6B-92B1-9032B679F71E}
		{843FFA82-BD56-49AF-9253-E610C1E5C33F} = {2C7B8D86-FBBF-4D6B-92B1-9032B679F71E}
		{5026DA72-90BD-4BFE-AB31-4B1F64084483} = {2C7B8D86-FBBF-4D6B-92B1-9032B679F71E}
		{F027FCB4-D62D-44DD-8254-B34CF6E92FDD} = {2C7B8D86-FBBF-4D6B-92B1-9032B679F71E}
		{C85A3DF4-6DF0-4005-B39F-53E28A570D4B} = {2C7B8D86-FBBF-4D6B-92B1-9032B679F71E}
		{2FA913F7-D665-4B27-9829-0D0D44FC5018} = {2C7B8D86-FBBF-4D6B-92B1-9032B679F71E}
		{DA265CE9-9140-4BD0-A22F-3642053CBE63} = {2C7B8D86-FBBF-4D6B-92B1-9032B679F71E}
		{EB708823-F971-464D-8CFB-5B1B3C8C26DE} = {2C7B8D86-FBBF-4D6B-92B1-9032B679F71E}
		{2BBBC337-0072-4356-BC39-B074DAB6EE33} = {2C7B8D86-FBBF-4D6B-92B1-9032B679F71E}
		{335F3FCF-6725-48AD-A612-4CCFBDFE36A7} = {2C7B8D86-FBBF-4D6B-92B1-9032B679F71E}
		{3AE37A92-4479-4F30-AB6A-827276DED3E1} = {2C7B8D86-FBBF-4D6B-92B1-9032B679F71E}
		{BF112E80-9985-4994-A43F-14651984B97A} = {2C7B8D86-FBBF-4D6B-92B1-9032B679F71E}
		{65560B04-2BF6-494F-A52D-10749414128E} = {2C7B8D86-FBBF-4D6B-92B1-9032B679F71E}
		{175111CD-FD11-4CE0-B8C0-3F0B42D770D4} = {2C7B8D86-FBBF-4D6B-92B1-9032B679F71E}
		{CFABD001-B699-4D91-890A-A40732FF4092} = {2C7B8D86-FBBF-4D6B-92B1-9032B679F71E}
	EndGlobalSection
	GlobalSection(SolutionConfigurationPlatforms) = preSolution
		Debug|Any CPU = Debug|Any CPU
		Release|Any CPU = Release|Any CPU
	EndGlobalSection
	GlobalSection(ProjectConfigurationPlatforms) = postSolution
		{70420EF9-F0F2-4998-ACCD-CC3308096478}.Debug|Any CPU.ActiveCfg = Debug|Any CPU
		{70420EF9-F0F2-4998-ACCD-CC3308096478}.Debug|Any CPU.Build.0 = Debug|Any CPU
		{70420EF9-F0F2-4998-ACCD-CC3308096478}.Release|Any CPU.ActiveCfg = Release|Any CPU
		{70420EF9-F0F2-4998-ACCD-CC3308096478}.Release|Any CPU.Build.0 = Release|Any CPU
		{0EEF3C9A-B3AB-4B48-9E8A-6D700AA14F37}.Debug|Any CPU.ActiveCfg = Debug|Any CPU
		{0EEF3C9A-B3AB-4B48-9E8A-6D700AA14F37}.Debug|Any CPU.Build.0 = Debug|Any CPU
		{0EEF3C9A-B3AB-4B48-9E8A-6D700AA14F37}.Release|Any CPU.ActiveCfg = Release|Any CPU
		{0EEF3C9A-B3AB-4B48-9E8A-6D700AA14F37}.Release|Any CPU.Build.0 = Release|Any CPU
		{47EE3605-6A10-4D56-A391-DA95BD42D0DA}.Debug|Any CPU.ActiveCfg = Debug|Any CPU
		{47EE3605-6A10-4D56-A391-DA95BD42D0DA}.Debug|Any CPU.Build.0 = Debug|Any CPU
		{47EE3605-6A10-4D56-A391-DA95BD42D0DA}.Release|Any CPU.ActiveCfg = Release|Any CPU
		{47EE3605-6A10-4D56-A391-DA95BD42D0DA}.Release|Any CPU.Build.0 = Release|Any CPU
		{A0FA67EF-87D4-4636-9BAF-E3D0384CA266}.Debug|Any CPU.ActiveCfg = Debug|Any CPU
		{A0FA67EF-87D4-4636-9BAF-E3D0384CA266}.Debug|Any CPU.Build.0 = Debug|Any CPU
		{A0FA67EF-87D4-4636-9BAF-E3D0384CA266}.Release|Any CPU.ActiveCfg = Release|Any CPU
		{A0FA67EF-87D4-4636-9BAF-E3D0384CA266}.Release|Any CPU.Build.0 = Release|Any CPU
		{DD2184B9-CA09-48ED-AD10-97FA03222673}.Debug|Any CPU.ActiveCfg = Debug|Any CPU
		{DD2184B9-CA09-48ED-AD10-97FA03222673}.Debug|Any CPU.Build.0 = Debug|Any CPU
		{DD2184B9-CA09-48ED-AD10-97FA03222673}.Release|Any CPU.ActiveCfg = Release|Any CPU
		{DD2184B9-CA09-48ED-AD10-97FA03222673}.Release|Any CPU.Build.0 = Release|Any CPU
		{5EAB7A1F-0A80-4653-B5AB-12B8BBBB07E7}.Debug|Any CPU.ActiveCfg = Debug|Any CPU
		{5EAB7A1F-0A80-4653-B5AB-12B8BBBB07E7}.Debug|Any CPU.Build.0 = Debug|Any CPU
		{5EAB7A1F-0A80-4653-B5AB-12B8BBBB07E7}.Release|Any CPU.ActiveCfg = Release|Any CPU
		{5EAB7A1F-0A80-4653-B5AB-12B8BBBB07E7}.Release|Any CPU.Build.0 = Release|Any CPU
		{ECAA3C06-014D-487F-9E43-1D13FB986506}.Debug|Any CPU.ActiveCfg = Debug|Any CPU
		{ECAA3C06-014D-487F-9E43-1D13FB986506}.Debug|Any CPU.Build.0 = Debug|Any CPU
		{ECAA3C06-014D-487F-9E43-1D13FB986506}.Release|Any CPU.ActiveCfg = Release|Any CPU
		{ECAA3C06-014D-487F-9E43-1D13FB986506}.Release|Any CPU.Build.0 = Release|Any CPU
		{48573368-6977-4F94-8AD2-4FBD8747A54E}.Debug|Any CPU.ActiveCfg = Debug|Any CPU
		{48573368-6977-4F94-8AD2-4FBD8747A54E}.Debug|Any CPU.Build.0 = Debug|Any CPU
		{48573368-6977-4F94-8AD2-4FBD8747A54E}.Release|Any CPU.ActiveCfg = Release|Any CPU
		{48573368-6977-4F94-8AD2-4FBD8747A54E}.Release|Any CPU.Build.0 = Release|Any CPU
		{4260B77B-2F3E-46A8-BA51-2DB8F7CD5FDD}.Debug|Any CPU.ActiveCfg = Debug|Any CPU
		{4260B77B-2F3E-46A8-BA51-2DB8F7CD5FDD}.Debug|Any CPU.Build.0 = Debug|Any CPU
		{4260B77B-2F3E-46A8-BA51-2DB8F7CD5FDD}.Release|Any CPU.ActiveCfg = Release|Any CPU
		{4260B77B-2F3E-46A8-BA51-2DB8F7CD5FDD}.Release|Any CPU.Build.0 = Release|Any CPU
		{DFA94307-C34B-4729-BC2D-C8736012C7A9}.Debug|Any CPU.ActiveCfg = Debug|Any CPU
		{DFA94307-C34B-4729-BC2D-C8736012C7A9}.Debug|Any CPU.Build.0 = Debug|Any CPU
		{DFA94307-C34B-4729-BC2D-C8736012C7A9}.Release|Any CPU.ActiveCfg = Release|Any CPU
		{DFA94307-C34B-4729-BC2D-C8736012C7A9}.Release|Any CPU.Build.0 = Release|Any CPU
		{B51E0EAC-78CC-46BF-B4A7-8451791D7C36}.Debug|Any CPU.ActiveCfg = Debug|Any CPU
		{B51E0EAC-78CC-46BF-B4A7-8451791D7C36}.Debug|Any CPU.Build.0 = Debug|Any CPU
		{B51E0EAC-78CC-46BF-B4A7-8451791D7C36}.Release|Any CPU.ActiveCfg = Release|Any CPU
		{B51E0EAC-78CC-46BF-B4A7-8451791D7C36}.Release|Any CPU.Build.0 = Release|Any CPU
		{A92BA6AB-0346-42BE-A02F-A20B2C8FDFF4}.Debug|Any CPU.ActiveCfg = Debug|Any CPU
		{A92BA6AB-0346-42BE-A02F-A20B2C8FDFF4}.Debug|Any CPU.Build.0 = Debug|Any CPU
		{A92BA6AB-0346-42BE-A02F-A20B2C8FDFF4}.Release|Any CPU.ActiveCfg = Release|Any CPU
		{A92BA6AB-0346-42BE-A02F-A20B2C8FDFF4}.Release|Any CPU.Build.0 = Release|Any CPU
		{DDB22CD8-AA96-403C-BFCA-B71E73F14AC3}.Debug|Any CPU.ActiveCfg = Debug|Any CPU
		{DDB22CD8-AA96-403C-BFCA-B71E73F14AC3}.Debug|Any CPU.Build.0 = Debug|Any CPU
		{DDB22CD8-AA96-403C-BFCA-B71E73F14AC3}.Release|Any CPU.ActiveCfg = Release|Any CPU
		{DDB22CD8-AA96-403C-BFCA-B71E73F14AC3}.Release|Any CPU.Build.0 = Release|Any CPU
		{78D99A02-1960-4A1B-962F-D33E946F34BB}.Debug|Any CPU.ActiveCfg = Debug|Any CPU
		{78D99A02-1960-4A1B-962F-D33E946F34BB}.Debug|Any CPU.Build.0 = Debug|Any CPU
		{78D99A02-1960-4A1B-962F-D33E946F34BB}.Release|Any CPU.ActiveCfg = Release|Any CPU
		{78D99A02-1960-4A1B-962F-D33E946F34BB}.Release|Any CPU.Build.0 = Release|Any CPU
		{1F7EFC95-38AF-4DF5-8791-40B9B0A40CC9}.Debug|Any CPU.ActiveCfg = Debug|Any CPU
		{1F7EFC95-38AF-4DF5-8791-40B9B0A40CC9}.Debug|Any CPU.Build.0 = Debug|Any CPU
		{1F7EFC95-38AF-4DF5-8791-40B9B0A40CC9}.Release|Any CPU.ActiveCfg = Release|Any CPU
		{1F7EFC95-38AF-4DF5-8791-40B9B0A40CC9}.Release|Any CPU.Build.0 = Release|Any CPU
		{E28227DA-0C65-45C6-8BC3-DEA291F49243}.Debug|Any CPU.ActiveCfg = Debug|Any CPU
		{E28227DA-0C65-45C6-8BC3-DEA291F49243}.Debug|Any CPU.Build.0 = Debug|Any CPU
		{E28227DA-0C65-45C6-8BC3-DEA291F49243}.Release|Any CPU.ActiveCfg = Release|Any CPU
		{E28227DA-0C65-45C6-8BC3-DEA291F49243}.Release|Any CPU.Build.0 = Release|Any CPU
		{8DF44000-C489-4C3F-B234-4A5DD07732ED}.Debug|Any CPU.ActiveCfg = Debug|Any CPU
		{8DF44000-C489-4C3F-B234-4A5DD07732ED}.Debug|Any CPU.Build.0 = Debug|Any CPU
		{8DF44000-C489-4C3F-B234-4A5DD07732ED}.Release|Any CPU.ActiveCfg = Release|Any CPU
		{8DF44000-C489-4C3F-B234-4A5DD07732ED}.Release|Any CPU.Build.0 = Release|Any CPU
		{77D0FBD1-B9BC-4352-8E48-BEF1322F78F2}.Debug|Any CPU.ActiveCfg = Debug|Any CPU
		{77D0FBD1-B9BC-4352-8E48-BEF1322F78F2}.Debug|Any CPU.Build.0 = Debug|Any CPU
		{77D0FBD1-B9BC-4352-8E48-BEF1322F78F2}.Release|Any CPU.ActiveCfg = Release|Any CPU
		{77D0FBD1-B9BC-4352-8E48-BEF1322F78F2}.Release|Any CPU.Build.0 = Release|Any CPU
		{B5AEBBC5-2680-4E49-AABD-5D7A91384C82}.Debug|Any CPU.ActiveCfg = Debug|Any CPU
		{B5AEBBC5-2680-4E49-AABD-5D7A91384C82}.Debug|Any CPU.Build.0 = Debug|Any CPU
		{B5AEBBC5-2680-4E49-AABD-5D7A91384C82}.Release|Any CPU.ActiveCfg = Release|Any CPU
		{B5AEBBC5-2680-4E49-AABD-5D7A91384C82}.Release|Any CPU.Build.0 = Release|Any CPU
		{497DA478-3504-4D9E-A148-4F8EF0FCEB02}.Debug|Any CPU.ActiveCfg = Debug|Any CPU
		{497DA478-3504-4D9E-A148-4F8EF0FCEB02}.Debug|Any CPU.Build.0 = Debug|Any CPU
		{497DA478-3504-4D9E-A148-4F8EF0FCEB02}.Release|Any CPU.ActiveCfg = Release|Any CPU
		{497DA478-3504-4D9E-A148-4F8EF0FCEB02}.Release|Any CPU.Build.0 = Release|Any CPU
		{BE8895D6-F208-4215-B86B-B001E5B0A61A}.Debug|Any CPU.ActiveCfg = Debug|Any CPU
		{BE8895D6-F208-4215-B86B-B001E5B0A61A}.Debug|Any CPU.Build.0 = Debug|Any CPU
		{BE8895D6-F208-4215-B86B-B001E5B0A61A}.Release|Any CPU.ActiveCfg = Release|Any CPU
		{BE8895D6-F208-4215-B86B-B001E5B0A61A}.Release|Any CPU.Build.0 = Release|Any CPU
		{1C8658FB-4C53-4D74-9535-508BB91B63DA}.Debug|Any CPU.ActiveCfg = Debug|Any CPU
		{1C8658FB-4C53-4D74-9535-508BB91B63DA}.Debug|Any CPU.Build.0 = Debug|Any CPU
		{1C8658FB-4C53-4D74-9535-508BB91B63DA}.Release|Any CPU.ActiveCfg = Release|Any CPU
		{1C8658FB-4C53-4D74-9535-508BB91B63DA}.Release|Any CPU.Build.0 = Release|Any CPU
		{3BB793B7-170C-4EC5-9E27-25432D47E493}.Debug|Any CPU.ActiveCfg = Debug|Any CPU
		{3BB793B7-170C-4EC5-9E27-25432D47E493}.Debug|Any CPU.Build.0 = Debug|Any CPU
		{3BB793B7-170C-4EC5-9E27-25432D47E493}.Release|Any CPU.ActiveCfg = Release|Any CPU
		{3BB793B7-170C-4EC5-9E27-25432D47E493}.Release|Any CPU.Build.0 = Release|Any CPU
		{B641F31A-AEB5-4620-948F-5ED3A0401511}.Debug|Any CPU.ActiveCfg = Debug|Any CPU
		{B641F31A-AEB5-4620-948F-5ED3A0401511}.Debug|Any CPU.Build.0 = Debug|Any CPU
		{B641F31A-AEB5-4620-948F-5ED3A0401511}.Release|Any CPU.ActiveCfg = Release|Any CPU
		{B641F31A-AEB5-4620-948F-5ED3A0401511}.Release|Any CPU.Build.0 = Release|Any CPU
		{811AF874-B85E-4461-ACB0-01F58B46C66D}.Debug|Any CPU.ActiveCfg = Debug|Any CPU
		{811AF874-B85E-4461-ACB0-01F58B46C66D}.Debug|Any CPU.Build.0 = Debug|Any CPU
		{811AF874-B85E-4461-ACB0-01F58B46C66D}.Release|Any CPU.ActiveCfg = Release|Any CPU
		{811AF874-B85E-4461-ACB0-01F58B46C66D}.Release|Any CPU.Build.0 = Release|Any CPU
		{4D54FBA9-957A-4D0C-BA73-AF66CB28A36E}.Debug|Any CPU.ActiveCfg = Debug|Any CPU
		{4D54FBA9-957A-4D0C-BA73-AF66CB28A36E}.Debug|Any CPU.Build.0 = Debug|Any CPU
		{4D54FBA9-957A-4D0C-BA73-AF66CB28A36E}.Release|Any CPU.ActiveCfg = Release|Any CPU
		{4D54FBA9-957A-4D0C-BA73-AF66CB28A36E}.Release|Any CPU.Build.0 = Release|Any CPU
		{6045F0BE-BDF0-424E-BEE3-25FBCB91267E}.Debug|Any CPU.ActiveCfg = Debug|Any CPU
		{6045F0BE-BDF0-424E-BEE3-25FBCB91267E}.Debug|Any CPU.Build.0 = Debug|Any CPU
		{6045F0BE-BDF0-424E-BEE3-25FBCB91267E}.Release|Any CPU.ActiveCfg = Release|Any CPU
		{6045F0BE-BDF0-424E-BEE3-25FBCB91267E}.Release|Any CPU.Build.0 = Release|Any CPU
		{78766E26-C0F2-422E-B379-6343008376D6}.Debug|Any CPU.ActiveCfg = Debug|Any CPU
		{78766E26-C0F2-422E-B379-6343008376D6}.Debug|Any CPU.Build.0 = Debug|Any CPU
		{78766E26-C0F2-422E-B379-6343008376D6}.Release|Any CPU.ActiveCfg = Release|Any CPU
		{78766E26-C0F2-422E-B379-6343008376D6}.Release|Any CPU.Build.0 = Release|Any CPU
		{7592D51E-4E71-4876-99DF-38DA6F994526}.Debug|Any CPU.ActiveCfg = Debug|Any CPU
		{7592D51E-4E71-4876-99DF-38DA6F994526}.Debug|Any CPU.Build.0 = Debug|Any CPU
		{7592D51E-4E71-4876-99DF-38DA6F994526}.Release|Any CPU.ActiveCfg = Release|Any CPU
		{7592D51E-4E71-4876-99DF-38DA6F994526}.Release|Any CPU.Build.0 = Release|Any CPU
		{DFE8F69A-3E64-4280-8483-F288F2198A7E}.Debug|Any CPU.ActiveCfg = Debug|Any CPU
		{DFE8F69A-3E64-4280-8483-F288F2198A7E}.Debug|Any CPU.Build.0 = Debug|Any CPU
		{DFE8F69A-3E64-4280-8483-F288F2198A7E}.Release|Any CPU.ActiveCfg = Release|Any CPU
		{DFE8F69A-3E64-4280-8483-F288F2198A7E}.Release|Any CPU.Build.0 = Release|Any CPU
		{A16B9235-8EA8-44EF-A6F9-912B9A2D2892}.Debug|Any CPU.ActiveCfg = Debug|Any CPU
		{A16B9235-8EA8-44EF-A6F9-912B9A2D2892}.Debug|Any CPU.Build.0 = Debug|Any CPU
		{A16B9235-8EA8-44EF-A6F9-912B9A2D2892}.Release|Any CPU.ActiveCfg = Release|Any CPU
		{A16B9235-8EA8-44EF-A6F9-912B9A2D2892}.Release|Any CPU.Build.0 = Release|Any CPU
		{4346EFC8-79D0-46BE-B872-5FFD3C9346BD}.Debug|Any CPU.ActiveCfg = Debug|Any CPU
		{4346EFC8-79D0-46BE-B872-5FFD3C9346BD}.Debug|Any CPU.Build.0 = Debug|Any CPU
		{4346EFC8-79D0-46BE-B872-5FFD3C9346BD}.Release|Any CPU.ActiveCfg = Release|Any CPU
		{4346EFC8-79D0-46BE-B872-5FFD3C9346BD}.Release|Any CPU.Build.0 = Release|Any CPU
		{BF62929A-300C-49E1-87B3-B68DC4D43492}.Debug|Any CPU.ActiveCfg = Debug|Any CPU
		{BF62929A-300C-49E1-87B3-B68DC4D43492}.Debug|Any CPU.Build.0 = Debug|Any CPU
		{BF62929A-300C-49E1-87B3-B68DC4D43492}.Release|Any CPU.ActiveCfg = Release|Any CPU
		{BF62929A-300C-49E1-87B3-B68DC4D43492}.Release|Any CPU.Build.0 = Release|Any CPU
		{D13BF441-7987-47B4-AD60-CA35EA96CBE5}.Debug|Any CPU.ActiveCfg = Debug|Any CPU
		{D13BF441-7987-47B4-AD60-CA35EA96CBE5}.Debug|Any CPU.Build.0 = Debug|Any CPU
		{D13BF441-7987-47B4-AD60-CA35EA96CBE5}.Release|Any CPU.ActiveCfg = Release|Any CPU
		{D13BF441-7987-47B4-AD60-CA35EA96CBE5}.Release|Any CPU.Build.0 = Release|Any CPU
		{9C7E7BAA-EADD-4DD0-A762-B67633AE5C28}.Debug|Any CPU.ActiveCfg = Debug|Any CPU
		{9C7E7BAA-EADD-4DD0-A762-B67633AE5C28}.Debug|Any CPU.Build.0 = Debug|Any CPU
		{9C7E7BAA-EADD-4DD0-A762-B67633AE5C28}.Release|Any CPU.ActiveCfg = Release|Any CPU
		{9C7E7BAA-EADD-4DD0-A762-B67633AE5C28}.Release|Any CPU.Build.0 = Release|Any CPU
		{10449D49-4152-4107-8443-4C9136343909}.Debug|Any CPU.ActiveCfg = Debug|Any CPU
		{10449D49-4152-4107-8443-4C9136343909}.Debug|Any CPU.Build.0 = Debug|Any CPU
		{10449D49-4152-4107-8443-4C9136343909}.Release|Any CPU.ActiveCfg = Release|Any CPU
		{10449D49-4152-4107-8443-4C9136343909}.Release|Any CPU.Build.0 = Release|Any CPU
		{703C4EBC-7E41-4795-ACD6-F78DD12D94DC}.Debug|Any CPU.ActiveCfg = Debug|Any CPU
		{703C4EBC-7E41-4795-ACD6-F78DD12D94DC}.Debug|Any CPU.Build.0 = Debug|Any CPU
		{703C4EBC-7E41-4795-ACD6-F78DD12D94DC}.Release|Any CPU.ActiveCfg = Release|Any CPU
		{703C4EBC-7E41-4795-ACD6-F78DD12D94DC}.Release|Any CPU.Build.0 = Release|Any CPU
		{101FAD15-1E6A-4C96-8290-328AEF8DEDD8}.Debug|Any CPU.ActiveCfg = Debug|Any CPU
		{101FAD15-1E6A-4C96-8290-328AEF8DEDD8}.Debug|Any CPU.Build.0 = Debug|Any CPU
		{101FAD15-1E6A-4C96-8290-328AEF8DEDD8}.Release|Any CPU.ActiveCfg = Release|Any CPU
		{101FAD15-1E6A-4C96-8290-328AEF8DEDD8}.Release|Any CPU.Build.0 = Release|Any CPU
		{A9511A0B-A939-4B18-8F2D-6516D5171287}.Debug|Any CPU.ActiveCfg = Debug|Any CPU
		{A9511A0B-A939-4B18-8F2D-6516D5171287}.Debug|Any CPU.Build.0 = Debug|Any CPU
		{A9511A0B-A939-4B18-8F2D-6516D5171287}.Release|Any CPU.ActiveCfg = Release|Any CPU
		{A9511A0B-A939-4B18-8F2D-6516D5171287}.Release|Any CPU.Build.0 = Release|Any CPU
		{E11F61CC-E78F-49E2-99F2-531FEC45BF4A}.Debug|Any CPU.ActiveCfg = Debug|Any CPU
		{E11F61CC-E78F-49E2-99F2-531FEC45BF4A}.Debug|Any CPU.Build.0 = Debug|Any CPU
		{E11F61CC-E78F-49E2-99F2-531FEC45BF4A}.Release|Any CPU.ActiveCfg = Release|Any CPU
		{E11F61CC-E78F-49E2-99F2-531FEC45BF4A}.Release|Any CPU.Build.0 = Release|Any CPU
		{539A0851-A00C-4DD4-8F8A-6563715C4B9E}.Debug|Any CPU.ActiveCfg = Debug|Any CPU
		{539A0851-A00C-4DD4-8F8A-6563715C4B9E}.Debug|Any CPU.Build.0 = Debug|Any CPU
		{539A0851-A00C-4DD4-8F8A-6563715C4B9E}.Release|Any CPU.ActiveCfg = Release|Any CPU
		{539A0851-A00C-4DD4-8F8A-6563715C4B9E}.Release|Any CPU.Build.0 = Release|Any CPU
		{F96911BD-2A4D-47D0-AC94-15AD60EC65D5}.Debug|Any CPU.ActiveCfg = Debug|Any CPU
		{F96911BD-2A4D-47D0-AC94-15AD60EC65D5}.Debug|Any CPU.Build.0 = Debug|Any CPU
		{F96911BD-2A4D-47D0-AC94-15AD60EC65D5}.Release|Any CPU.ActiveCfg = Release|Any CPU
		{F96911BD-2A4D-47D0-AC94-15AD60EC65D5}.Release|Any CPU.Build.0 = Release|Any CPU
		{DE85257E-D535-4281-B465-90E7FB1E453C}.Debug|Any CPU.ActiveCfg = Debug|Any CPU
		{DE85257E-D535-4281-B465-90E7FB1E453C}.Debug|Any CPU.Build.0 = Debug|Any CPU
		{DE85257E-D535-4281-B465-90E7FB1E453C}.Release|Any CPU.ActiveCfg = Release|Any CPU
		{DE85257E-D535-4281-B465-90E7FB1E453C}.Release|Any CPU.Build.0 = Release|Any CPU
		{25C56ED6-DBD1-4C5B-B305-CFD7123F0286}.Debug|Any CPU.ActiveCfg = Debug|Any CPU
		{25C56ED6-DBD1-4C5B-B305-CFD7123F0286}.Debug|Any CPU.Build.0 = Debug|Any CPU
		{25C56ED6-DBD1-4C5B-B305-CFD7123F0286}.Release|Any CPU.ActiveCfg = Release|Any CPU
		{25C56ED6-DBD1-4C5B-B305-CFD7123F0286}.Release|Any CPU.Build.0 = Release|Any CPU
		{96C4ADC1-AA6B-4DF9-A976-B5072F408391}.Debug|Any CPU.ActiveCfg = Debug|Any CPU
		{96C4ADC1-AA6B-4DF9-A976-B5072F408391}.Debug|Any CPU.Build.0 = Debug|Any CPU
		{96C4ADC1-AA6B-4DF9-A976-B5072F408391}.Release|Any CPU.ActiveCfg = Release|Any CPU
		{96C4ADC1-AA6B-4DF9-A976-B5072F408391}.Release|Any CPU.Build.0 = Release|Any CPU
		{3A2CC979-8856-4F61-930C-2F4DCDDEF23C}.Debug|Any CPU.ActiveCfg = Debug|Any CPU
		{3A2CC979-8856-4F61-930C-2F4DCDDEF23C}.Debug|Any CPU.Build.0 = Debug|Any CPU
		{3A2CC979-8856-4F61-930C-2F4DCDDEF23C}.Release|Any CPU.ActiveCfg = Release|Any CPU
		{3A2CC979-8856-4F61-930C-2F4DCDDEF23C}.Release|Any CPU.Build.0 = Release|Any CPU
		{EAE2BEDB-00B9-48F7-A35D-9BF6A1FA22DA}.Debug|Any CPU.ActiveCfg = Debug|Any CPU
		{EAE2BEDB-00B9-48F7-A35D-9BF6A1FA22DA}.Debug|Any CPU.Build.0 = Debug|Any CPU
		{EAE2BEDB-00B9-48F7-A35D-9BF6A1FA22DA}.Release|Any CPU.ActiveCfg = Release|Any CPU
		{EAE2BEDB-00B9-48F7-A35D-9BF6A1FA22DA}.Release|Any CPU.Build.0 = Release|Any CPU
		{9143EBAB-6E5F-4FD7-BFC8-D0BD758A0672}.Debug|Any CPU.ActiveCfg = Debug|Any CPU
		{9143EBAB-6E5F-4FD7-BFC8-D0BD758A0672}.Debug|Any CPU.Build.0 = Debug|Any CPU
		{9143EBAB-6E5F-4FD7-BFC8-D0BD758A0672}.Release|Any CPU.ActiveCfg = Release|Any CPU
		{9143EBAB-6E5F-4FD7-BFC8-D0BD758A0672}.Release|Any CPU.Build.0 = Release|Any CPU
		{830DE365-6168-4A16-804D-829665B84BB6}.Debug|Any CPU.ActiveCfg = Debug|Any CPU
		{830DE365-6168-4A16-804D-829665B84BB6}.Debug|Any CPU.Build.0 = Debug|Any CPU
		{830DE365-6168-4A16-804D-829665B84BB6}.Release|Any CPU.ActiveCfg = Release|Any CPU
		{830DE365-6168-4A16-804D-829665B84BB6}.Release|Any CPU.Build.0 = Release|Any CPU
		{757D6887-DBDC-4EF1-98F6-E41B3670E189}.Debug|Any CPU.ActiveCfg = Debug|Any CPU
		{757D6887-DBDC-4EF1-98F6-E41B3670E189}.Debug|Any CPU.Build.0 = Debug|Any CPU
		{757D6887-DBDC-4EF1-98F6-E41B3670E189}.Release|Any CPU.ActiveCfg = Release|Any CPU
		{757D6887-DBDC-4EF1-98F6-E41B3670E189}.Release|Any CPU.Build.0 = Release|Any CPU
		{83F6C0A9-D943-4F10-9161-44610B1861B0}.Debug|Any CPU.ActiveCfg = Debug|Any CPU
		{83F6C0A9-D943-4F10-9161-44610B1861B0}.Debug|Any CPU.Build.0 = Debug|Any CPU
		{83F6C0A9-D943-4F10-9161-44610B1861B0}.Release|Any CPU.ActiveCfg = Release|Any CPU
		{83F6C0A9-D943-4F10-9161-44610B1861B0}.Release|Any CPU.Build.0 = Release|Any CPU
		{7680952C-8A6F-4F4D-A93B-6F31C0C5DEC0}.Debug|Any CPU.ActiveCfg = Debug|Any CPU
		{7680952C-8A6F-4F4D-A93B-6F31C0C5DEC0}.Debug|Any CPU.Build.0 = Debug|Any CPU
		{7680952C-8A6F-4F4D-A93B-6F31C0C5DEC0}.Release|Any CPU.ActiveCfg = Release|Any CPU
		{7680952C-8A6F-4F4D-A93B-6F31C0C5DEC0}.Release|Any CPU.Build.0 = Release|Any CPU
		{BBCA0B85-537C-41FB-A483-FFCAE09E7572}.Debug|Any CPU.ActiveCfg = Debug|Any CPU
		{BBCA0B85-537C-41FB-A483-FFCAE09E7572}.Debug|Any CPU.Build.0 = Debug|Any CPU
		{BBCA0B85-537C-41FB-A483-FFCAE09E7572}.Release|Any CPU.ActiveCfg = Release|Any CPU
		{BBCA0B85-537C-41FB-A483-FFCAE09E7572}.Release|Any CPU.Build.0 = Release|Any CPU
		{6ED27C40-638F-46E5-8477-59F060B94DD5}.Debug|Any CPU.ActiveCfg = Debug|Any CPU
		{6ED27C40-638F-46E5-8477-59F060B94DD5}.Debug|Any CPU.Build.0 = Debug|Any CPU
		{6ED27C40-638F-46E5-8477-59F060B94DD5}.Release|Any CPU.ActiveCfg = Release|Any CPU
		{6ED27C40-638F-46E5-8477-59F060B94DD5}.Release|Any CPU.Build.0 = Release|Any CPU
		{410F2B3C-4E3A-4CA1-9128-95403A403004}.Debug|Any CPU.ActiveCfg = Debug|Any CPU
		{410F2B3C-4E3A-4CA1-9128-95403A403004}.Debug|Any CPU.Build.0 = Debug|Any CPU
		{410F2B3C-4E3A-4CA1-9128-95403A403004}.Release|Any CPU.ActiveCfg = Release|Any CPU
		{410F2B3C-4E3A-4CA1-9128-95403A403004}.Release|Any CPU.Build.0 = Release|Any CPU
		{C254842B-3595-4975-B96F-DE211A05FF50}.Debug|Any CPU.ActiveCfg = Debug|Any CPU
		{C254842B-3595-4975-B96F-DE211A05FF50}.Debug|Any CPU.Build.0 = Debug|Any CPU
		{C254842B-3595-4975-B96F-DE211A05FF50}.Release|Any CPU.ActiveCfg = Release|Any CPU
		{C254842B-3595-4975-B96F-DE211A05FF50}.Release|Any CPU.Build.0 = Release|Any CPU
		{5683CDDD-C8CC-4E4E-9EF2-364600FDCD9A}.Debug|Any CPU.ActiveCfg = Debug|Any CPU
		{5683CDDD-C8CC-4E4E-9EF2-364600FDCD9A}.Debug|Any CPU.Build.0 = Debug|Any CPU
		{5683CDDD-C8CC-4E4E-9EF2-364600FDCD9A}.Release|Any CPU.ActiveCfg = Release|Any CPU
		{5683CDDD-C8CC-4E4E-9EF2-364600FDCD9A}.Release|Any CPU.Build.0 = Release|Any CPU
		{9ADF842F-93F8-40CF-B6F2-A6BD8FB67100}.Debug|Any CPU.ActiveCfg = Debug|Any CPU
		{9ADF842F-93F8-40CF-B6F2-A6BD8FB67100}.Debug|Any CPU.Build.0 = Debug|Any CPU
		{9ADF842F-93F8-40CF-B6F2-A6BD8FB67100}.Release|Any CPU.ActiveCfg = Release|Any CPU
		{9ADF842F-93F8-40CF-B6F2-A6BD8FB67100}.Release|Any CPU.Build.0 = Release|Any CPU
		{CD6F8E24-F62E-402C-A03E-117DBDDFF72F}.Debug|Any CPU.ActiveCfg = Debug|Any CPU
		{CD6F8E24-F62E-402C-A03E-117DBDDFF72F}.Debug|Any CPU.Build.0 = Debug|Any CPU
		{CD6F8E24-F62E-402C-A03E-117DBDDFF72F}.Release|Any CPU.ActiveCfg = Release|Any CPU
		{CD6F8E24-F62E-402C-A03E-117DBDDFF72F}.Release|Any CPU.Build.0 = Release|Any CPU
		{6DAE5444-0E3E-439B-888E-267BF8531364}.Debug|Any CPU.ActiveCfg = Debug|Any CPU
		{6DAE5444-0E3E-439B-888E-267BF8531364}.Debug|Any CPU.Build.0 = Debug|Any CPU
		{6DAE5444-0E3E-439B-888E-267BF8531364}.Release|Any CPU.ActiveCfg = Release|Any CPU
		{6DAE5444-0E3E-439B-888E-267BF8531364}.Release|Any CPU.Build.0 = Release|Any CPU
		{8B6DC7DD-A5B1-4864-8840-EB1D8EE39F87}.Debug|Any CPU.ActiveCfg = Debug|Any CPU
		{8B6DC7DD-A5B1-4864-8840-EB1D8EE39F87}.Debug|Any CPU.Build.0 = Debug|Any CPU
		{8B6DC7DD-A5B1-4864-8840-EB1D8EE39F87}.Release|Any CPU.ActiveCfg = Release|Any CPU
		{8B6DC7DD-A5B1-4864-8840-EB1D8EE39F87}.Release|Any CPU.Build.0 = Release|Any CPU
		{C979F256-836A-4B7F-AAE2-7AE338184FF6}.Debug|Any CPU.ActiveCfg = Debug|Any CPU
		{C979F256-836A-4B7F-AAE2-7AE338184FF6}.Debug|Any CPU.Build.0 = Debug|Any CPU
		{C979F256-836A-4B7F-AAE2-7AE338184FF6}.Release|Any CPU.ActiveCfg = Release|Any CPU
		{C979F256-836A-4B7F-AAE2-7AE338184FF6}.Release|Any CPU.Build.0 = Release|Any CPU
		{9E9FB799-A262-434C-86E5-48281EB88E91}.Debug|Any CPU.ActiveCfg = Debug|Any CPU
		{9E9FB799-A262-434C-86E5-48281EB88E91}.Debug|Any CPU.Build.0 = Debug|Any CPU
		{9E9FB799-A262-434C-86E5-48281EB88E91}.Release|Any CPU.ActiveCfg = Release|Any CPU
		{9E9FB799-A262-434C-86E5-48281EB88E91}.Release|Any CPU.Build.0 = Release|Any CPU
		{61C87215-51E3-4B62-9AAE-7DE84CA09FC3}.Debug|Any CPU.ActiveCfg = Debug|Any CPU
		{61C87215-51E3-4B62-9AAE-7DE84CA09FC3}.Debug|Any CPU.Build.0 = Debug|Any CPU
		{61C87215-51E3-4B62-9AAE-7DE84CA09FC3}.Release|Any CPU.ActiveCfg = Release|Any CPU
		{61C87215-51E3-4B62-9AAE-7DE84CA09FC3}.Release|Any CPU.Build.0 = Release|Any CPU
		{87696AC8-731A-4664-9A3F-0410A4D0DA1C}.Debug|Any CPU.ActiveCfg = Debug|Any CPU
		{87696AC8-731A-4664-9A3F-0410A4D0DA1C}.Debug|Any CPU.Build.0 = Debug|Any CPU
		{87696AC8-731A-4664-9A3F-0410A4D0DA1C}.Release|Any CPU.ActiveCfg = Release|Any CPU
		{87696AC8-731A-4664-9A3F-0410A4D0DA1C}.Release|Any CPU.Build.0 = Release|Any CPU
		{763862C2-B7B8-41F1-88C8-0C4CBC960D12}.Debug|Any CPU.ActiveCfg = Debug|Any CPU
		{763862C2-B7B8-41F1-88C8-0C4CBC960D12}.Debug|Any CPU.Build.0 = Debug|Any CPU
		{763862C2-B7B8-41F1-88C8-0C4CBC960D12}.Release|Any CPU.ActiveCfg = Release|Any CPU
		{763862C2-B7B8-41F1-88C8-0C4CBC960D12}.Release|Any CPU.Build.0 = Release|Any CPU
		{F893FA64-ABA8-48BE-A619-D3447C87B83B}.Debug|Any CPU.ActiveCfg = Debug|Any CPU
		{F893FA64-ABA8-48BE-A619-D3447C87B83B}.Debug|Any CPU.Build.0 = Debug|Any CPU
		{F893FA64-ABA8-48BE-A619-D3447C87B83B}.Release|Any CPU.ActiveCfg = Release|Any CPU
		{F893FA64-ABA8-48BE-A619-D3447C87B83B}.Release|Any CPU.Build.0 = Release|Any CPU
		{DD5F19C7-B019-46BB-A79A-83B7679EC950}.Debug|Any CPU.ActiveCfg = Debug|Any CPU
		{DD5F19C7-B019-46BB-A79A-83B7679EC950}.Debug|Any CPU.Build.0 = Debug|Any CPU
		{DD5F19C7-B019-46BB-A79A-83B7679EC950}.Release|Any CPU.ActiveCfg = Release|Any CPU
		{DD5F19C7-B019-46BB-A79A-83B7679EC950}.Release|Any CPU.Build.0 = Release|Any CPU
		{8B5E3336-4E51-46E2-922C-05FABD5E4CF8}.Debug|Any CPU.ActiveCfg = Debug|Any CPU
		{8B5E3336-4E51-46E2-922C-05FABD5E4CF8}.Debug|Any CPU.Build.0 = Debug|Any CPU
		{8B5E3336-4E51-46E2-922C-05FABD5E4CF8}.Release|Any CPU.ActiveCfg = Release|Any CPU
		{8B5E3336-4E51-46E2-922C-05FABD5E4CF8}.Release|Any CPU.Build.0 = Release|Any CPU
		{5DF289B3-8694-4BDA-9ED3-3E573D09B96E}.Debug|Any CPU.ActiveCfg = Debug|Any CPU
		{5DF289B3-8694-4BDA-9ED3-3E573D09B96E}.Debug|Any CPU.Build.0 = Debug|Any CPU
		{5DF289B3-8694-4BDA-9ED3-3E573D09B96E}.Release|Any CPU.ActiveCfg = Release|Any CPU
		{5DF289B3-8694-4BDA-9ED3-3E573D09B96E}.Release|Any CPU.Build.0 = Release|Any CPU
		{EAE449CA-FB67-45B0-A759-0F341760AE17}.Debug|Any CPU.ActiveCfg = Debug|Any CPU
		{EAE449CA-FB67-45B0-A759-0F341760AE17}.Debug|Any CPU.Build.0 = Debug|Any CPU
		{EAE449CA-FB67-45B0-A759-0F341760AE17}.Release|Any CPU.ActiveCfg = Release|Any CPU
		{EAE449CA-FB67-45B0-A759-0F341760AE17}.Release|Any CPU.Build.0 = Release|Any CPU
		{2F37EA05-D579-4F60-94BB-A8881E6D6420}.Debug|Any CPU.ActiveCfg = Debug|Any CPU
		{2F37EA05-D579-4F60-94BB-A8881E6D6420}.Debug|Any CPU.Build.0 = Debug|Any CPU
		{2F37EA05-D579-4F60-94BB-A8881E6D6420}.Release|Any CPU.ActiveCfg = Release|Any CPU
		{2F37EA05-D579-4F60-94BB-A8881E6D6420}.Release|Any CPU.Build.0 = Release|Any CPU
		{20DCE682-1089-49E6-8409-E9870DC90CA4}.Debug|Any CPU.ActiveCfg = Debug|Any CPU
		{20DCE682-1089-49E6-8409-E9870DC90CA4}.Debug|Any CPU.Build.0 = Debug|Any CPU
		{20DCE682-1089-49E6-8409-E9870DC90CA4}.Release|Any CPU.ActiveCfg = Release|Any CPU
		{20DCE682-1089-49E6-8409-E9870DC90CA4}.Release|Any CPU.Build.0 = Release|Any CPU
		{2948C436-89E7-4275-81BC-A20524E9CE5E}.Debug|Any CPU.ActiveCfg = Debug|Any CPU
		{2948C436-89E7-4275-81BC-A20524E9CE5E}.Debug|Any CPU.Build.0 = Debug|Any CPU
		{2948C436-89E7-4275-81BC-A20524E9CE5E}.Release|Any CPU.ActiveCfg = Release|Any CPU
		{2948C436-89E7-4275-81BC-A20524E9CE5E}.Release|Any CPU.Build.0 = Release|Any CPU
		{843FFA82-BD56-49AF-9253-E610C1E5C33F}.Debug|Any CPU.ActiveCfg = Debug|Any CPU
		{843FFA82-BD56-49AF-9253-E610C1E5C33F}.Debug|Any CPU.Build.0 = Debug|Any CPU
		{843FFA82-BD56-49AF-9253-E610C1E5C33F}.Release|Any CPU.ActiveCfg = Release|Any CPU
		{843FFA82-BD56-49AF-9253-E610C1E5C33F}.Release|Any CPU.Build.0 = Release|Any CPU
		{5026DA72-90BD-4BFE-AB31-4B1F64084483}.Debug|Any CPU.ActiveCfg = Debug|Any CPU
		{5026DA72-90BD-4BFE-AB31-4B1F64084483}.Debug|Any CPU.Build.0 = Debug|Any CPU
		{5026DA72-90BD-4BFE-AB31-4B1F64084483}.Release|Any CPU.ActiveCfg = Release|Any CPU
		{5026DA72-90BD-4BFE-AB31-4B1F64084483}.Release|Any CPU.Build.0 = Release|Any CPU
		{F027FCB4-D62D-44DD-8254-B34CF6E92FDD}.Debug|Any CPU.ActiveCfg = Debug|Any CPU
		{F027FCB4-D62D-44DD-8254-B34CF6E92FDD}.Debug|Any CPU.Build.0 = Debug|Any CPU
		{F027FCB4-D62D-44DD-8254-B34CF6E92FDD}.Release|Any CPU.ActiveCfg = Release|Any CPU
		{F027FCB4-D62D-44DD-8254-B34CF6E92FDD}.Release|Any CPU.Build.0 = Release|Any CPU
		{C85A3DF4-6DF0-4005-B39F-53E28A570D4B}.Debug|Any CPU.ActiveCfg = Debug|Any CPU
		{C85A3DF4-6DF0-4005-B39F-53E28A570D4B}.Debug|Any CPU.Build.0 = Debug|Any CPU
		{C85A3DF4-6DF0-4005-B39F-53E28A570D4B}.Release|Any CPU.ActiveCfg = Release|Any CPU
		{C85A3DF4-6DF0-4005-B39F-53E28A570D4B}.Release|Any CPU.Build.0 = Release|Any CPU
		{2FA913F7-D665-4B27-9829-0D0D44FC5018}.Debug|Any CPU.ActiveCfg = Debug|Any CPU
		{2FA913F7-D665-4B27-9829-0D0D44FC5018}.Debug|Any CPU.Build.0 = Debug|Any CPU
		{2FA913F7-D665-4B27-9829-0D0D44FC5018}.Release|Any CPU.ActiveCfg = Release|Any CPU
		{2FA913F7-D665-4B27-9829-0D0D44FC5018}.Release|Any CPU.Build.0 = Release|Any CPU
		{DA265CE9-9140-4BD0-A22F-3642053CBE63}.Debug|Any CPU.ActiveCfg = Debug|Any CPU
		{DA265CE9-9140-4BD0-A22F-3642053CBE63}.Debug|Any CPU.Build.0 = Debug|Any CPU
		{DA265CE9-9140-4BD0-A22F-3642053CBE63}.Release|Any CPU.ActiveCfg = Release|Any CPU
		{DA265CE9-9140-4BD0-A22F-3642053CBE63}.Release|Any CPU.Build.0 = Release|Any CPU
		{EB708823-F971-464D-8CFB-5B1B3C8C26DE}.Debug|Any CPU.ActiveCfg = Debug|Any CPU
		{EB708823-F971-464D-8CFB-5B1B3C8C26DE}.Debug|Any CPU.Build.0 = Debug|Any CPU
		{EB708823-F971-464D-8CFB-5B1B3C8C26DE}.Release|Any CPU.ActiveCfg = Release|Any CPU
		{EB708823-F971-464D-8CFB-5B1B3C8C26DE}.Release|Any CPU.Build.0 = Release|Any CPU
		{2BBBC337-0072-4356-BC39-B074DAB6EE33}.Debug|Any CPU.ActiveCfg = Debug|Any CPU
		{2BBBC337-0072-4356-BC39-B074DAB6EE33}.Debug|Any CPU.Build.0 = Debug|Any CPU
		{2BBBC337-0072-4356-BC39-B074DAB6EE33}.Release|Any CPU.ActiveCfg = Release|Any CPU
		{2BBBC337-0072-4356-BC39-B074DAB6EE33}.Release|Any CPU.Build.0 = Release|Any CPU
		{335F3FCF-6725-48AD-A612-4CCFBDFE36A7}.Debug|Any CPU.ActiveCfg = Debug|Any CPU
		{335F3FCF-6725-48AD-A612-4CCFBDFE36A7}.Debug|Any CPU.Build.0 = Debug|Any CPU
		{335F3FCF-6725-48AD-A612-4CCFBDFE36A7}.Release|Any CPU.ActiveCfg = Release|Any CPU
		{335F3FCF-6725-48AD-A612-4CCFBDFE36A7}.Release|Any CPU.Build.0 = Release|Any CPU
		{3AE37A92-4479-4F30-AB6A-827276DED3E1}.Debug|Any CPU.ActiveCfg = Debug|Any CPU
		{3AE37A92-4479-4F30-AB6A-827276DED3E1}.Debug|Any CPU.Build.0 = Debug|Any CPU
		{3AE37A92-4479-4F30-AB6A-827276DED3E1}.Release|Any CPU.ActiveCfg = Release|Any CPU
		{3AE37A92-4479-4F30-AB6A-827276DED3E1}.Release|Any CPU.Build.0 = Release|Any CPU
		{BF112E80-9985-4994-A43F-14651984B97A}.Debug|Any CPU.ActiveCfg = Debug|Any CPU
		{BF112E80-9985-4994-A43F-14651984B97A}.Debug|Any CPU.Build.0 = Debug|Any CPU
		{BF112E80-9985-4994-A43F-14651984B97A}.Release|Any CPU.ActiveCfg = Release|Any CPU
		{BF112E80-9985-4994-A43F-14651984B97A}.Release|Any CPU.Build.0 = Release|Any CPU
		{65560B04-2BF6-494F-A52D-10749414128E}.Debug|Any CPU.ActiveCfg = Debug|Any CPU
		{65560B04-2BF6-494F-A52D-10749414128E}.Debug|Any CPU.Build.0 = Debug|Any CPU
		{65560B04-2BF6-494F-A52D-10749414128E}.Release|Any CPU.ActiveCfg = Release|Any CPU
		{65560B04-2BF6-494F-A52D-10749414128E}.Release|Any CPU.Build.0 = Release|Any CPU
		{175111CD-FD11-4CE0-B8C0-3F0B42D770D4}.Debug|Any CPU.ActiveCfg = Debug|Any CPU
		{175111CD-FD11-4CE0-B8C0-3F0B42D770D4}.Debug|Any CPU.Build.0 = Debug|Any CPU
		{175111CD-FD11-4CE0-B8C0-3F0B42D770D4}.Release|Any CPU.ActiveCfg = Release|Any CPU
		{175111CD-FD11-4CE0-B8C0-3F0B42D770D4}.Release|Any CPU.Build.0 = Release|Any CPU
		{CFABD001-B699-4D91-890A-A40732FF4092}.Debug|Any CPU.ActiveCfg = Debug|Any CPU
		{CFABD001-B699-4D91-890A-A40732FF4092}.Debug|Any CPU.Build.0 = Debug|Any CPU
		{CFABD001-B699-4D91-890A-A40732FF4092}.Release|Any CPU.ActiveCfg = Release|Any CPU
		{CFABD001-B699-4D91-890A-A40732FF4092}.Release|Any CPU.Build.0 = Release|Any CPU
	EndGlobalSection
	GlobalSection(SolutionProperties) = preSolution
		HideSolutionNode = FALSE
	EndGlobalSection
	GlobalSection(ExtensibilityGlobals) = postSolution
		SolutionGuid = {F15ACE45-2100-456E-9990-EC1FE8AE7F56}
	EndGlobalSection
EndGlobal
